
Microsoft Visual Studio Solution File, Format Version 12.00
# Visual Studio Version 16
VisualStudioVersion = 16.0.31112.23
MinimumVisualStudioVersion = 10.0.40219.1
Project("{FAE04EC0-301F-11D3-BF4B-00C04F79EFBC}") = "ProductManagement.Android", "ProductManagement\ProductManagement.Android\ProductManagement.Android.csproj", "{53C9B9AA-3A07-446A-AA3E-FFE11827BB05}"
EndProject
Project("{FAE04EC0-301F-11D3-BF4B-00C04F79EFBC}") = "ProductManagement", "ProductManagement\ProductManagement\ProductManagement.csproj", "{57B913D6-E651-404C-89A8-CE1B201A6DB3}"
EndProject
Global
	GlobalSection(SolutionConfigurationPlatforms) = preSolution
		Debug|Any CPU = Debug|Any CPU
		Release|Any CPU = Release|Any CPU
	EndGlobalSection
	GlobalSection(ProjectConfigurationPlatforms) = postSolution
		{53C9B9AA-3A07-446A-AA3E-FFE11827BB05}.Debug|Any CPU.ActiveCfg = Debug|Any CPU
		{53C9B9AA-3A07-446A-AA3E-FFE11827BB05}.Debug|Any CPU.Build.0 = Debug|Any CPU
		{53C9B9AA-3A07-446A-AA3E-FFE11827BB05}.Debug|Any CPU.Deploy.0 = Debug|Any CPU
		{53C9B9AA-3A07-446A-AA3E-FFE11827BB05}.Release|Any CPU.ActiveCfg = Release|Any CPU
		{53C9B9AA-3A07-446A-AA3E-FFE11827BB05}.Release|Any CPU.Build.0 = Release|Any CPU
		{53C9B9AA-3A07-446A-AA3E-FFE11827BB05}.Release|Any CPU.Deploy.0 = Release|Any CPU
		{57B913D6-E651-404C-89A8-CE1B201A6DB3}.Debug|Any CPU.ActiveCfg = Debug|Any CPU
		{57B913D6-E651-404C-89A8-CE1B201A6DB3}.Debug|Any CPU.Build.0 = Debug|Any CPU
		{57B913D6-E651-404C-89A8-CE1B201A6DB3}.Debug|Any CPU.Deploy.0 = Debug|Any CPU
		{57B913D6-E651-404C-89A8-CE1B201A6DB3}.Release|Any CPU.ActiveCfg = Release|Any CPU
		{57B913D6-E651-404C-89A8-CE1B201A6DB3}.Release|Any CPU.Build.0 = Release|Any CPU
		{57B913D6-E651-404C-89A8-CE1B201A6DB3}.Release|Any CPU.Deploy.0 = Release|Any CPU
	EndGlobalSection
	GlobalSection(SolutionProperties) = preSolution
		HideSolutionNode = FALSE
	EndGlobalSection
	GlobalSection(ExtensibilityGlobals) = postSolution
		SolutionGuid = {F8CE7C98-DDB4-43BF-A5B1-15D07D2EE7F8}
	EndGlobalSection
EndGlobal
